
Microsoft Visual Studio Solution File, Format Version 12.00
# Visual Studio 15
Project("{FAE04EC0-301F-11D3-BF4B-00C04F79EFBC}") = "Assembly-CSharp-Editor", "Assembly-CSharp-Editor.csproj", "{864EC04F-001F-0CA5-BC08-7FCD7A367A79}"
EndProject
Project("{FAE04EC0-301F-11D3-BF4B-00C04F79EFBC}") = "Assembly-CSharp", "Assembly-CSharp.csproj", "{E2A4BCE2-ACE9-5C65-74D9-EAFAFE4DA0F0}"
EndProject
Project("{FAE04EC0-301F-11D3-BF4B-00C04F79EFBC}") = "Assembly-CSharp-firstpass", "Assembly-CSharp-firstpass.csproj", "{D6D30ED1-3136-86B8-58C0-6AADFDF4358A}"
EndProject
Global
	GlobalSection(SolutionConfigurationPlatforms) = preSolution
		Debug|Any CPU = Debug|Any CPU
		Release|Any CPU = Release|Any CPU
	EndGlobalSection
	GlobalSection(ProjectConfigurationPlatforms) = postSolution
		{864EC04F-001F-0CA5-BC08-7FCD7A367A79}.Debug|Any CPU.ActiveCfg = Debug|Any CPU
		{864EC04F-001F-0CA5-BC08-7FCD7A367A79}.Debug|Any CPU.Build.0 = Debug|Any CPU
		{864EC04F-001F-0CA5-BC08-7FCD7A367A79}.Release|Any CPU.ActiveCfg = Release|Any CPU
		{864EC04F-001F-0CA5-BC08-7FCD7A367A79}.Release|Any CPU.Build.0 = Release|Any CPU
		{E2A4BCE2-ACE9-5C65-74D9-EAFAFE4DA0F0}.Debug|Any CPU.ActiveCfg = Debug|Any CPU
		{E2A4BCE2-ACE9-5C65-74D9-EAFAFE4DA0F0}.Debug|Any CPU.Build.0 = Debug|Any CPU
		{E2A4BCE2-ACE9-5C65-74D9-EAFAFE4DA0F0}.Release|Any CPU.ActiveCfg = Release|Any CPU
		{E2A4BCE2-ACE9-5C65-74D9-EAFAFE4DA0F0}.Release|Any CPU.Build.0 = Release|Any CPU
		{D6D30ED1-3136-86B8-58C0-6AADFDF4358A}.Debug|Any CPU.ActiveCfg = Debug|Any CPU
		{D6D30ED1-3136-86B8-58C0-6AADFDF4358A}.Debug|Any CPU.Build.0 = Debug|Any CPU
		{D6D30ED1-3136-86B8-58C0-6AADFDF4358A}.Release|Any CPU.ActiveCfg = Release|Any CPU
		{D6D30ED1-3136-86B8-58C0-6AADFDF4358A}.Release|Any CPU.Build.0 = Release|Any CPU
	EndGlobalSection
	GlobalSection(SolutionProperties) = preSolution
		HideSolutionNode = FALSE
	EndGlobalSection
EndGlobal
